<?xml version="1.0" encoding="utf-8"?>
<Project ToolsVersion="4.0" xmlns="http://schemas.microsoft.com/developer/msbuild/2003">
  <ItemGroup>
    <Filter Include="Source Files">
      <UniqueIdentifier>{97cd6275-242c-4daa-a17e-569356c7c214}</UniqueIdentifier>
    </Filter>
    <Filter Include="Res">
      <UniqueIdentifier>{b4751476-f788-40d3-bde6-e5c865868294}</UniqueIdentifier>
    </Filter>
  </ItemGroup>
  <ItemGroup>
    <ClCompile Include="main.cpp">
      <Filter>Source Files</Filter>
    </ClCompile>
    <ClCompile Include="params.cpp" />
    <ClCompile Include="setup_sockets.cpp" />
    <ClCompile Include="skeleton.cpp" />
    <ClCompile Include="capture.cpp" />
  </ItemGroup>
  <ItemGroup>
    <None Include="..\Res\mainicon.ico">
      <Filter>Res</Filter>
    </None>
    <None Include="..\Res\NITE.APS">
      <Filter>Res</Filter>
    </None>
  </ItemGroup>
  <ItemGroup>
    <ResourceCompile Include="..\Res\NITE.rc">
      <Filter>Res</Filter>
    </ResourceCompile>
  </ItemGroup>
  <ItemGroup>
    <ClInclude Include="..\Res\Resource-NITE.h">
      <Filter>Res</Filter>
    </ClInclude>
    <ClInclude Include="kbhit.h" />
    <ClInclude Include="signal_catch.h" />
    <ClInclude Include="params.h" />
    <ClInclude Include="setup_sockets.h" />
    <ClInclude Include="skeleton.h" />
    <ClInclude Include="capture.h" />
    <ClInclude Include="FreeImage.h" />
    <ClInclude Include="..\Res\Resource-OpenNIModule.h">
      <Filter>Res</Filter>
    </ClInclude>
  </ItemGroup>
  <ItemGroup>
    <Library Include="Libs\FreeImage.lib">
      <Filter>Res</Filter>
    </Library>
  </ItemGroup>
</Project>